
Microsoft Visual Studio Solution File, Format Version 12.00
# Visual Studio 15
VisualStudioVersion = 15.0.28307.645
MinimumVisualStudioVersion = 10.0.40219.1
Project("{FAE04EC0-301F-11D3-BF4B-00C04F79EFBC}") = "LearningApp", "LearningApp\LearningApp.csproj", "{CE9ADF9A-83D9-4ED4-9746-F12F41F37442}"
EndProject
Global
	GlobalSection(SolutionConfigurationPlatforms) = preSolution
		Debug|Any CPU = Debug|Any CPU
		Release|Any CPU = Release|Any CPU
	EndGlobalSection
	GlobalSection(ProjectConfigurationPlatforms) = postSolution
		{CE9ADF9A-83D9-4ED4-9746-F12F41F37442}.Debug|Any CPU.ActiveCfg = Debug|Any CPU
		{CE9ADF9A-83D9-4ED4-9746-F12F41F37442}.Debug|Any CPU.Build.0 = Debug|Any CPU
		{CE9ADF9A-83D9-4ED4-9746-F12F41F37442}.Release|Any CPU.ActiveCfg = Release|Any CPU
		{CE9ADF9A-83D9-4ED4-9746-F12F41F37442}.Release|Any CPU.Build.0 = Release|Any CPU
	EndGlobalSection
	GlobalSection(SolutionProperties) = preSolution
		HideSolutionNode = FALSE
	EndGlobalSection
	GlobalSection(ExtensibilityGlobals) = postSolution
		SolutionGuid = {A850A938-E26E-4651-B384-F838D103386E}
	EndGlobalSection
EndGlobal
